
Microsoft Visual Studio Solution File, Format Version 12.00
# Visual Studio Version 16
VisualStudioVersion = 16.0.33927.289
MinimumVisualStudioVersion = 10.0.40219.1
Project("{FAE04EC0-301F-11D3-BF4B-00C04F79EFBC}") = "temp_convert_2", "temp_convert_2.csproj", "{305B6118-6078-4E63-8E5B-1D148E6B1910}"
EndProject
Global
	GlobalSection(SolutionConfigurationPlatforms) = preSolution
		Debug|Any CPU = Debug|Any CPU
		Release|Any CPU = Release|Any CPU
	EndGlobalSection
	GlobalSection(ProjectConfigurationPlatforms) = postSolution
		{305B6118-6078-4E63-8E5B-1D148E6B1910}.Debug|Any CPU.ActiveCfg = Debug|Any CPU
		{305B6118-6078-4E63-8E5B-1D148E6B1910}.Debug|Any CPU.Build.0 = Debug|Any CPU
		{305B6118-6078-4E63-8E5B-1D148E6B1910}.Release|Any CPU.ActiveCfg = Release|Any CPU
		{305B6118-6078-4E63-8E5B-1D148E6B1910}.Release|Any CPU.Build.0 = Release|Any CPU
	EndGlobalSection
	GlobalSection(SolutionProperties) = preSolution
		HideSolutionNode = FALSE
	EndGlobalSection
	GlobalSection(ExtensibilityGlobals) = postSolution
		SolutionGuid = {BDA877CD-6362-4CE0-A937-374E57578CD1}
	EndGlobalSection
EndGlobal
