
Microsoft Visual Studio Solution File, Format Version 12.00
# Visual Studio Version 16
VisualStudioVersion = 16.0.33927.289
MinimumVisualStudioVersion = 10.0.40219.1
Project("{FAE04EC0-301F-11D3-BF4B-00C04F79EFBC}") = "warm-up-3-5-25", "warm-up-3-5-25.csproj", "{CFD4FE92-B000-4E1D-A101-51FE9A2CF643}"
EndProject
Global
	GlobalSection(SolutionConfigurationPlatforms) = preSolution
		Debug|Any CPU = Debug|Any CPU
		Release|Any CPU = Release|Any CPU
	EndGlobalSection
	GlobalSection(ProjectConfigurationPlatforms) = postSolution
		{CFD4FE92-B000-4E1D-A101-51FE9A2CF643}.Debug|Any CPU.ActiveCfg = Debug|Any CPU
		{CFD4FE92-B000-4E1D-A101-51FE9A2CF643}.Debug|Any CPU.Build.0 = Debug|Any CPU
		{CFD4FE92-B000-4E1D-A101-51FE9A2CF643}.Release|Any CPU.ActiveCfg = Release|Any CPU
		{CFD4FE92-B000-4E1D-A101-51FE9A2CF643}.Release|Any CPU.Build.0 = Release|Any CPU
	EndGlobalSection
	GlobalSection(SolutionProperties) = preSolution
		HideSolutionNode = FALSE
	EndGlobalSection
	GlobalSection(ExtensibilityGlobals) = postSolution
		SolutionGuid = {BFC51B2F-9925-4475-8404-634461E8C91F}
	EndGlobalSection
EndGlobal
