
Microsoft Visual Studio Solution File, Format Version 12.00
# Visual Studio Version 16
VisualStudioVersion = 16.0.33927.289
MinimumVisualStudioVersion = 10.0.40219.1
Project("{FAE04EC0-301F-11D3-BF4B-00C04F79EFBC}") = "hw3_profit_calculator", "hw3_profit_calculator.csproj", "{EDB387B9-C561-4D4D-B99C-5F338F890D0C}"
EndProject
Global
	GlobalSection(SolutionConfigurationPlatforms) = preSolution
		Debug|Any CPU = Debug|Any CPU
		Release|Any CPU = Release|Any CPU
	EndGlobalSection
	GlobalSection(ProjectConfigurationPlatforms) = postSolution
		{EDB387B9-C561-4D4D-B99C-5F338F890D0C}.Debug|Any CPU.ActiveCfg = Debug|Any CPU
		{EDB387B9-C561-4D4D-B99C-5F338F890D0C}.Debug|Any CPU.Build.0 = Debug|Any CPU
		{EDB387B9-C561-4D4D-B99C-5F338F890D0C}.Release|Any CPU.ActiveCfg = Release|Any CPU
		{EDB387B9-C561-4D4D-B99C-5F338F890D0C}.Release|Any CPU.Build.0 = Release|Any CPU
	EndGlobalSection
	GlobalSection(SolutionProperties) = preSolution
		HideSolutionNode = FALSE
	EndGlobalSection
	GlobalSection(ExtensibilityGlobals) = postSolution
		SolutionGuid = {BEC13F1D-C4BE-4B05-A7B9-2BA1B8CB706B}
	EndGlobalSection
EndGlobal
