
Microsoft Visual Studio Solution File, Format Version 12.00
# Visual Studio Version 16
VisualStudioVersion = 16.0.33927.289
MinimumVisualStudioVersion = 10.0.40219.1
Project("{FAE04EC0-301F-11D3-BF4B-00C04F79EFBC}") = "functions_practice", "functions_practice.csproj", "{44925CBB-5A8B-412E-BFCF-10BB98BA463B}"
EndProject
Global
	GlobalSection(SolutionConfigurationPlatforms) = preSolution
		Debug|Any CPU = Debug|Any CPU
		Release|Any CPU = Release|Any CPU
	EndGlobalSection
	GlobalSection(ProjectConfigurationPlatforms) = postSolution
		{44925CBB-5A8B-412E-BFCF-10BB98BA463B}.Debug|Any CPU.ActiveCfg = Debug|Any CPU
		{44925CBB-5A8B-412E-BFCF-10BB98BA463B}.Debug|Any CPU.Build.0 = Debug|Any CPU
		{44925CBB-5A8B-412E-BFCF-10BB98BA463B}.Release|Any CPU.ActiveCfg = Release|Any CPU
		{44925CBB-5A8B-412E-BFCF-10BB98BA463B}.Release|Any CPU.Build.0 = Release|Any CPU
	EndGlobalSection
	GlobalSection(SolutionProperties) = preSolution
		HideSolutionNode = FALSE
	EndGlobalSection
	GlobalSection(ExtensibilityGlobals) = postSolution
		SolutionGuid = {63A59BCC-0FBF-41C4-95B6-0B0D7285CCE2}
	EndGlobalSection
EndGlobal
