
Microsoft Visual Studio Solution File, Format Version 12.00
# Visual Studio Version 16
VisualStudioVersion = 16.0.33927.289
MinimumVisualStudioVersion = 10.0.40219.1
Project("{FAE04EC0-301F-11D3-BF4B-00C04F79EFBC}") = "CS_Week3_WFA", "CS_Week3_WFA.csproj", "{35761889-EE93-4988-8BCB-EF8C11EB0E63}"
EndProject
Global
	GlobalSection(SolutionConfigurationPlatforms) = preSolution
		Debug|Any CPU = Debug|Any CPU
		Release|Any CPU = Release|Any CPU
	EndGlobalSection
	GlobalSection(ProjectConfigurationPlatforms) = postSolution
		{35761889-EE93-4988-8BCB-EF8C11EB0E63}.Debug|Any CPU.ActiveCfg = Debug|Any CPU
		{35761889-EE93-4988-8BCB-EF8C11EB0E63}.Debug|Any CPU.Build.0 = Debug|Any CPU
		{35761889-EE93-4988-8BCB-EF8C11EB0E63}.Release|Any CPU.ActiveCfg = Release|Any CPU
		{35761889-EE93-4988-8BCB-EF8C11EB0E63}.Release|Any CPU.Build.0 = Release|Any CPU
	EndGlobalSection
	GlobalSection(SolutionProperties) = preSolution
		HideSolutionNode = FALSE
	EndGlobalSection
	GlobalSection(ExtensibilityGlobals) = postSolution
		SolutionGuid = {C4F29A84-BE24-4629-A4D9-6D0F5E0899C9}
	EndGlobalSection
EndGlobal
