
Microsoft Visual Studio Solution File, Format Version 12.00
# Visual Studio Version 16
VisualStudioVersion = 16.0.33927.289
MinimumVisualStudioVersion = 10.0.40219.1
Project("{FAE04EC0-301F-11D3-BF4B-00C04F79EFBC}") = "input_validation_practice", "input_validation_practice.csproj", "{3DCCC045-24CC-4B96-AA3E-0A7575BC9774}"
EndProject
Global
	GlobalSection(SolutionConfigurationPlatforms) = preSolution
		Debug|Any CPU = Debug|Any CPU
		Release|Any CPU = Release|Any CPU
	EndGlobalSection
	GlobalSection(ProjectConfigurationPlatforms) = postSolution
		{3DCCC045-24CC-4B96-AA3E-0A7575BC9774}.Debug|Any CPU.ActiveCfg = Debug|Any CPU
		{3DCCC045-24CC-4B96-AA3E-0A7575BC9774}.Debug|Any CPU.Build.0 = Debug|Any CPU
		{3DCCC045-24CC-4B96-AA3E-0A7575BC9774}.Release|Any CPU.ActiveCfg = Release|Any CPU
		{3DCCC045-24CC-4B96-AA3E-0A7575BC9774}.Release|Any CPU.Build.0 = Release|Any CPU
	EndGlobalSection
	GlobalSection(SolutionProperties) = preSolution
		HideSolutionNode = FALSE
	EndGlobalSection
	GlobalSection(ExtensibilityGlobals) = postSolution
		SolutionGuid = {7EB6A28E-092B-4448-9164-1CF3A4FF1B4E}
	EndGlobalSection
EndGlobal
