
Microsoft Visual Studio Solution File, Format Version 12.00
# Visual Studio Version 16
VisualStudioVersion = 16.0.33927.289
MinimumVisualStudioVersion = 10.0.40219.1
Project("{FAE04EC0-301F-11D3-BF4B-00C04F79EFBC}") = "class_inheritance", "class_inheritance.csproj", "{8EB05510-81FE-4ED2-968A-52DD9BCD7B4B}"
EndProject
Global
	GlobalSection(SolutionConfigurationPlatforms) = preSolution
		Debug|Any CPU = Debug|Any CPU
		Release|Any CPU = Release|Any CPU
	EndGlobalSection
	GlobalSection(ProjectConfigurationPlatforms) = postSolution
		{8EB05510-81FE-4ED2-968A-52DD9BCD7B4B}.Debug|Any CPU.ActiveCfg = Debug|Any CPU
		{8EB05510-81FE-4ED2-968A-52DD9BCD7B4B}.Debug|Any CPU.Build.0 = Debug|Any CPU
		{8EB05510-81FE-4ED2-968A-52DD9BCD7B4B}.Release|Any CPU.ActiveCfg = Release|Any CPU
		{8EB05510-81FE-4ED2-968A-52DD9BCD7B4B}.Release|Any CPU.Build.0 = Release|Any CPU
	EndGlobalSection
	GlobalSection(SolutionProperties) = preSolution
		HideSolutionNode = FALSE
	EndGlobalSection
	GlobalSection(ExtensibilityGlobals) = postSolution
		SolutionGuid = {C898A221-54E4-4E15-919F-8B782F9D4945}
	EndGlobalSection
EndGlobal
