
Microsoft Visual Studio Solution File, Format Version 12.00
# Visual Studio Version 16
VisualStudioVersion = 16.0.33927.289
MinimumVisualStudioVersion = 10.0.40219.1
Project("{FAE04EC0-301F-11D3-BF4B-00C04F79EFBC}") = "pass-by-ref-practice-function", "pass-by-ref-practice-function.csproj", "{AD01EA2F-B7DB-400B-8C2E-A1FE1EA50D78}"
EndProject
Global
	GlobalSection(SolutionConfigurationPlatforms) = preSolution
		Debug|Any CPU = Debug|Any CPU
		Release|Any CPU = Release|Any CPU
	EndGlobalSection
	GlobalSection(ProjectConfigurationPlatforms) = postSolution
		{AD01EA2F-B7DB-400B-8C2E-A1FE1EA50D78}.Debug|Any CPU.ActiveCfg = Debug|Any CPU
		{AD01EA2F-B7DB-400B-8C2E-A1FE1EA50D78}.Debug|Any CPU.Build.0 = Debug|Any CPU
		{AD01EA2F-B7DB-400B-8C2E-A1FE1EA50D78}.Release|Any CPU.ActiveCfg = Release|Any CPU
		{AD01EA2F-B7DB-400B-8C2E-A1FE1EA50D78}.Release|Any CPU.Build.0 = Release|Any CPU
	EndGlobalSection
	GlobalSection(SolutionProperties) = preSolution
		HideSolutionNode = FALSE
	EndGlobalSection
	GlobalSection(ExtensibilityGlobals) = postSolution
		SolutionGuid = {8DFF2150-BA9A-4B0B-B88D-0808EAEB4C12}
	EndGlobalSection
EndGlobal
