
Microsoft Visual Studio Solution File, Format Version 12.00
# Visual Studio Version 16
VisualStudioVersion = 16.0.33927.289
MinimumVisualStudioVersion = 10.0.40219.1
Project("{FAE04EC0-301F-11D3-BF4B-00C04F79EFBC}") = "hw1_miToKmApp", "hw1_miToKmApp.csproj", "{562EEB30-3F82-4AF8-B4BF-A21F2271CEC7}"
EndProject
Global
	GlobalSection(SolutionConfigurationPlatforms) = preSolution
		Debug|Any CPU = Debug|Any CPU
		Release|Any CPU = Release|Any CPU
	EndGlobalSection
	GlobalSection(ProjectConfigurationPlatforms) = postSolution
		{562EEB30-3F82-4AF8-B4BF-A21F2271CEC7}.Debug|Any CPU.ActiveCfg = Debug|Any CPU
		{562EEB30-3F82-4AF8-B4BF-A21F2271CEC7}.Debug|Any CPU.Build.0 = Debug|Any CPU
		{562EEB30-3F82-4AF8-B4BF-A21F2271CEC7}.Release|Any CPU.ActiveCfg = Release|Any CPU
		{562EEB30-3F82-4AF8-B4BF-A21F2271CEC7}.Release|Any CPU.Build.0 = Release|Any CPU
	EndGlobalSection
	GlobalSection(SolutionProperties) = preSolution
		HideSolutionNode = FALSE
	EndGlobalSection
	GlobalSection(ExtensibilityGlobals) = postSolution
		SolutionGuid = {E8FFEDF6-5DAB-4939-BB0B-349E8B773319}
	EndGlobalSection
EndGlobal
