
Microsoft Visual Studio Solution File, Format Version 12.00
# Visual Studio Version 16
VisualStudioVersion = 16.0.33927.289
MinimumVisualStudioVersion = 10.0.40219.1
Project("{FAE04EC0-301F-11D3-BF4B-00C04F79EFBC}") = "attributes_procedural", "attributes_procedural.csproj", "{CFEF5C0D-48EA-42ED-9662-915E0C5A6FEF}"
EndProject
Global
	GlobalSection(SolutionConfigurationPlatforms) = preSolution
		Debug|Any CPU = Debug|Any CPU
		Release|Any CPU = Release|Any CPU
	EndGlobalSection
	GlobalSection(ProjectConfigurationPlatforms) = postSolution
		{CFEF5C0D-48EA-42ED-9662-915E0C5A6FEF}.Debug|Any CPU.ActiveCfg = Debug|Any CPU
		{CFEF5C0D-48EA-42ED-9662-915E0C5A6FEF}.Debug|Any CPU.Build.0 = Debug|Any CPU
		{CFEF5C0D-48EA-42ED-9662-915E0C5A6FEF}.Release|Any CPU.ActiveCfg = Release|Any CPU
		{CFEF5C0D-48EA-42ED-9662-915E0C5A6FEF}.Release|Any CPU.Build.0 = Release|Any CPU
	EndGlobalSection
	GlobalSection(SolutionProperties) = preSolution
		HideSolutionNode = FALSE
	EndGlobalSection
	GlobalSection(ExtensibilityGlobals) = postSolution
		SolutionGuid = {1F904CD5-F7C9-45EF-A1FD-613E121C3FD2}
	EndGlobalSection
EndGlobal
