
Microsoft Visual Studio Solution File, Format Version 12.00
# Visual Studio Version 16
VisualStudioVersion = 16.0.34031.81
MinimumVisualStudioVersion = 10.0.40219.1
Project("{FAE04EC0-301F-11D3-BF4B-00C04F79EFBC}") = "hw11_BankAccount_abstract_class", "hw11_BankAccount_abstract_class.csproj", "{991E8982-D9F3-43F3-8280-48F990565658}"
EndProject
Global
	GlobalSection(SolutionConfigurationPlatforms) = preSolution
		Debug|Any CPU = Debug|Any CPU
		Release|Any CPU = Release|Any CPU
	EndGlobalSection
	GlobalSection(ProjectConfigurationPlatforms) = postSolution
		{991E8982-D9F3-43F3-8280-48F990565658}.Debug|Any CPU.ActiveCfg = Debug|Any CPU
		{991E8982-D9F3-43F3-8280-48F990565658}.Debug|Any CPU.Build.0 = Debug|Any CPU
		{991E8982-D9F3-43F3-8280-48F990565658}.Release|Any CPU.ActiveCfg = Release|Any CPU
		{991E8982-D9F3-43F3-8280-48F990565658}.Release|Any CPU.Build.0 = Release|Any CPU
	EndGlobalSection
	GlobalSection(SolutionProperties) = preSolution
		HideSolutionNode = FALSE
	EndGlobalSection
	GlobalSection(ExtensibilityGlobals) = postSolution
		SolutionGuid = {AEA33440-EF28-4ACE-8527-C2183BA605A2}
	EndGlobalSection
EndGlobal
